
Microsoft Visual Studio Solution File, Format Version 12.00
# Visual Studio 14
VisualStudioVersion = 14.0.25420.1
MinimumVisualStudioVersion = 10.0.40219.1
Project("{2150E333-8FDC-42A3-9474-1A3956D46DE8}") = "src", "src", "{F0E8238A-06E2-4C50-AFEA-EE1FB6EA1EA8}"
EndProject
Project("{2150E333-8FDC-42A3-9474-1A3956D46DE8}") = "Solution Items", "Solution Items", "{FA894457-EC4F-4C6E-87EB-B714FDC064C7}"
	ProjectSection(SolutionItems) = preProject
		global.json = global.json
	EndProjectSection
EndProject
Project("{8BB2217D-0F2D-49D1-97BC-3654ED321F3B}") = "ToDoApp.Domain", "src\ToDoApp.Domain\ToDoApp.Domain.xproj", "{9087C112-13B4-451C-9218-BF01C1DB3FDB}"
EndProject
Project("{8BB2217D-0F2D-49D1-97BC-3654ED321F3B}") = "ToDoApp.Data", "src\ToDoApp.Data\ToDoApp.Data.xproj", "{D7DA1B0C-F7E1-4D33-BAD1-410046E881B4}"
EndProject
Project("{8BB2217D-0F2D-49D1-97BC-3654ED321F3B}") = "ToDoApp.DomainServices", "src\ToDoApp.DomainServices\ToDoApp.DomainServices.xproj", "{56DF14CC-E5F2-4D8C-8DD8-B069029A135D}"
EndProject
Project("{8BB2217D-0F2D-49D1-97BC-3654ED321F3B}") = "ToDoApp.AppServices", "src\ToDoApp.AppServices\ToDoApp.AppServices.xproj", "{1CCB0D38-0464-422E-8F38-D21C22E10F3D}"
EndProject
Project("{8BB2217D-0F2D-49D1-97BC-3654ED321F3B}") = "ToDoApp.IoC", "src\ToDoApp.IoC\ToDoApp.IoC.xproj", "{09AD0026-8320-4E2D-B8A2-2792E4CEBFA3}"
EndProject
Project("{8BB2217D-0F2D-49D1-97BC-3654ED321F3B}") = "ToDoApp.Tests", "src\ToDoApp.Tests\ToDoApp.Tests.xproj", "{12387548-4761-40A9-8572-C1B5F8219610}"
EndProject
Project("{8BB2217D-0F2D-49D1-97BC-3654ED321F3B}") = "ToDoApp", "src\ToDoApp\ToDoApp.xproj", "{CAE2E80B-110D-4010-BAFD-2AB2E7443B12}"
EndProject
Project("{2150E333-8FDC-42A3-9474-1A3956D46DE8}") = "DataBaseScript", "DataBaseScript", "{AA27EC21-FD5F-4186-86DD-2120F845E049}"
	ProjectSection(SolutionItems) = preProject
		script.sql = script.sql
	EndProjectSection
EndProject
Global
	GlobalSection(SolutionConfigurationPlatforms) = preSolution
		Debug|Any CPU = Debug|Any CPU
		Release|Any CPU = Release|Any CPU
	EndGlobalSection
	GlobalSection(ProjectConfigurationPlatforms) = postSolution
		{9087C112-13B4-451C-9218-BF01C1DB3FDB}.Debug|Any CPU.ActiveCfg = Debug|Any CPU
		{9087C112-13B4-451C-9218-BF01C1DB3FDB}.Debug|Any CPU.Build.0 = Debug|Any CPU
		{9087C112-13B4-451C-9218-BF01C1DB3FDB}.Release|Any CPU.ActiveCfg = Release|Any CPU
		{9087C112-13B4-451C-9218-BF01C1DB3FDB}.Release|Any CPU.Build.0 = Release|Any CPU
		{D7DA1B0C-F7E1-4D33-BAD1-410046E881B4}.Debug|Any CPU.ActiveCfg = Debug|Any CPU
		{D7DA1B0C-F7E1-4D33-BAD1-410046E881B4}.Debug|Any CPU.Build.0 = Debug|Any CPU
		{D7DA1B0C-F7E1-4D33-BAD1-410046E881B4}.Release|Any CPU.ActiveCfg = Release|Any CPU
		{D7DA1B0C-F7E1-4D33-BAD1-410046E881B4}.Release|Any CPU.Build.0 = Release|Any CPU
		{56DF14CC-E5F2-4D8C-8DD8-B069029A135D}.Debug|Any CPU.ActiveCfg = Debug|Any CPU
		{56DF14CC-E5F2-4D8C-8DD8-B069029A135D}.Debug|Any CPU.Build.0 = Debug|Any CPU
		{56DF14CC-E5F2-4D8C-8DD8-B069029A135D}.Release|Any CPU.ActiveCfg = Release|Any CPU
		{56DF14CC-E5F2-4D8C-8DD8-B069029A135D}.Release|Any CPU.Build.0 = Release|Any CPU
		{1CCB0D38-0464-422E-8F38-D21C22E10F3D}.Debug|Any CPU.ActiveCfg = Debug|Any CPU
		{1CCB0D38-0464-422E-8F38-D21C22E10F3D}.Debug|Any CPU.Build.0 = Debug|Any CPU
		{1CCB0D38-0464-422E-8F38-D21C22E10F3D}.Release|Any CPU.ActiveCfg = Release|Any CPU
		{1CCB0D38-0464-422E-8F38-D21C22E10F3D}.Release|Any CPU.Build.0 = Release|Any CPU
		{09AD0026-8320-4E2D-B8A2-2792E4CEBFA3}.Debug|Any CPU.ActiveCfg = Debug|Any CPU
		{09AD0026-8320-4E2D-B8A2-2792E4CEBFA3}.Debug|Any CPU.Build.0 = Debug|Any CPU
		{09AD0026-8320-4E2D-B8A2-2792E4CEBFA3}.Release|Any CPU.ActiveCfg = Release|Any CPU
		{09AD0026-8320-4E2D-B8A2-2792E4CEBFA3}.Release|Any CPU.Build.0 = Release|Any CPU
		{12387548-4761-40A9-8572-C1B5F8219610}.Debug|Any CPU.ActiveCfg = Debug|Any CPU
		{12387548-4761-40A9-8572-C1B5F8219610}.Debug|Any CPU.Build.0 = Debug|Any CPU
		{12387548-4761-40A9-8572-C1B5F8219610}.Release|Any CPU.ActiveCfg = Release|Any CPU
		{12387548-4761-40A9-8572-C1B5F8219610}.Release|Any CPU.Build.0 = Release|Any CPU
		{CAE2E80B-110D-4010-BAFD-2AB2E7443B12}.Debug|Any CPU.ActiveCfg = Debug|Any CPU
		{CAE2E80B-110D-4010-BAFD-2AB2E7443B12}.Debug|Any CPU.Build.0 = Debug|Any CPU
		{CAE2E80B-110D-4010-BAFD-2AB2E7443B12}.Release|Any CPU.ActiveCfg = Release|Any CPU
		{CAE2E80B-110D-4010-BAFD-2AB2E7443B12}.Release|Any CPU.Build.0 = Release|Any CPU
	EndGlobalSection
	GlobalSection(SolutionProperties) = preSolution
		HideSolutionNode = FALSE
	EndGlobalSection
	GlobalSection(NestedProjects) = preSolution
		{9087C112-13B4-451C-9218-BF01C1DB3FDB} = {F0E8238A-06E2-4C50-AFEA-EE1FB6EA1EA8}
		{D7DA1B0C-F7E1-4D33-BAD1-410046E881B4} = {F0E8238A-06E2-4C50-AFEA-EE1FB6EA1EA8}
		{56DF14CC-E5F2-4D8C-8DD8-B069029A135D} = {F0E8238A-06E2-4C50-AFEA-EE1FB6EA1EA8}
		{1CCB0D38-0464-422E-8F38-D21C22E10F3D} = {F0E8238A-06E2-4C50-AFEA-EE1FB6EA1EA8}
		{09AD0026-8320-4E2D-B8A2-2792E4CEBFA3} = {F0E8238A-06E2-4C50-AFEA-EE1FB6EA1EA8}
		{12387548-4761-40A9-8572-C1B5F8219610} = {F0E8238A-06E2-4C50-AFEA-EE1FB6EA1EA8}
		{CAE2E80B-110D-4010-BAFD-2AB2E7443B12} = {F0E8238A-06E2-4C50-AFEA-EE1FB6EA1EA8}
	EndGlobalSection
EndGlobal
